
Microsoft Visual Studio Solution File, Format Version 12.00
# Visual Studio Version 17
VisualStudioVersion = 17.1.32421.90
MinimumVisualStudioVersion = 10.0.40219.1
Project("{888888A0-9F3D-457C-B088-3A5042F75D52}") = "OP2,5Python", "OP2,5Python\OP2,5Python.pyproj", "{14F8A53A-6050-45B4-8651-DE6DBBE5157C}"
EndProject
Global
	GlobalSection(SolutionConfigurationPlatforms) = preSolution
		Debug|Any CPU = Debug|Any CPU
		Release|Any CPU = Release|Any CPU
	EndGlobalSection
	GlobalSection(ProjectConfigurationPlatforms) = postSolution
		{14F8A53A-6050-45B4-8651-DE6DBBE5157C}.Debug|Any CPU.ActiveCfg = Debug|Any CPU
		{14F8A53A-6050-45B4-8651-DE6DBBE5157C}.Release|Any CPU.ActiveCfg = Release|Any CPU
	EndGlobalSection
	GlobalSection(SolutionProperties) = preSolution
		HideSolutionNode = FALSE
	EndGlobalSection
	GlobalSection(ExtensibilityGlobals) = postSolution
		SolutionGuid = {E52A5548-8D2E-467C-B6D9-A4AF9C537531}
	EndGlobalSection
EndGlobal
